
Microsoft Visual Studio Solution File, Format Version 12.00
# Visual Studio 14
VisualStudioVersion = 14.0.24720.0
MinimumVisualStudioVersion = 10.0.40219.1
Project("{8BC9CEB8-8B4A-11D0-8D11-00A0C91BC942}") = "NethackUWP", "NethackUWP\NethackUWP.vcxproj", "{13146ED4-8EA0-4715-9216-01A822591971}"
EndProject
Project("{8BC9CEB8-8B4A-11D0-8D11-00A0C91BC942}") = "nethack_original", "nethack_original\nethack_original.vcxproj", "{9D7F0254-6FDB-4968-8699-DA05854C226C}"
EndProject
Project("{8BC9CEB8-8B4A-11D0-8D11-00A0C91BC942}") = "makedefs", "makedefs\makedefs.vcxproj", "{5F9C3A4B-73A7-4514-A7DB-E52A29A81A5D}"
EndProject
Project("{8BC9CEB8-8B4A-11D0-8D11-00A0C91BC942}") = "tilemap", "tilemap\tilemap.vcxproj", "{5460793E-A003-41BA-A047-D03C42AF0C44}"
EndProject
Project("{8BC9CEB8-8B4A-11D0-8D11-00A0C91BC942}") = "DXD_View", "DXD_View\DXD_View.vcxproj", "{873AC675-6B13-4CE9-B54F-F158121F862A}"
EndProject
Project("{8BC9CEB8-8B4A-11D0-8D11-00A0C91BC942}") = "levcomp", "..\NethackUWP\nethackUWP\levcomp\levcomp.vcxproj", "{6E9C12B4-D0C2-4798-8F39-5D3B795ADFEA}"
EndProject
Project("{8BC9CEB8-8B4A-11D0-8D11-00A0C91BC942}") = "dgncomp", "..\NethackUWP\nethackUWP\dgncomp\dgncomp.vcxproj", "{C60595DC-670D-45D8-9664-EE5DE40817F2}"
EndProject
Global
	GlobalSection(SolutionConfigurationPlatforms) = preSolution
		Debug|ARM = Debug|ARM
		Debug|x64 = Debug|x64
		Debug|x86 = Debug|x86
		Release|ARM = Release|ARM
		Release|x64 = Release|x64
		Release|x86 = Release|x86
	EndGlobalSection
	GlobalSection(ProjectConfigurationPlatforms) = postSolution
		{13146ED4-8EA0-4715-9216-01A822591971}.Debug|ARM.ActiveCfg = Debug|ARM
		{13146ED4-8EA0-4715-9216-01A822591971}.Debug|ARM.Build.0 = Debug|ARM
		{13146ED4-8EA0-4715-9216-01A822591971}.Debug|ARM.Deploy.0 = Debug|ARM
		{13146ED4-8EA0-4715-9216-01A822591971}.Debug|x64.ActiveCfg = Debug|x64
		{13146ED4-8EA0-4715-9216-01A822591971}.Debug|x64.Build.0 = Debug|x64
		{13146ED4-8EA0-4715-9216-01A822591971}.Debug|x64.Deploy.0 = Debug|x64
		{13146ED4-8EA0-4715-9216-01A822591971}.Debug|x86.ActiveCfg = Debug|Win32
		{13146ED4-8EA0-4715-9216-01A822591971}.Debug|x86.Build.0 = Debug|Win32
		{13146ED4-8EA0-4715-9216-01A822591971}.Debug|x86.Deploy.0 = Debug|Win32
		{13146ED4-8EA0-4715-9216-01A822591971}.Release|ARM.ActiveCfg = Release|ARM
		{13146ED4-8EA0-4715-9216-01A822591971}.Release|ARM.Build.0 = Release|ARM
		{13146ED4-8EA0-4715-9216-01A822591971}.Release|ARM.Deploy.0 = Release|ARM
		{13146ED4-8EA0-4715-9216-01A822591971}.Release|x64.ActiveCfg = Release|x64
		{13146ED4-8EA0-4715-9216-01A822591971}.Release|x64.Build.0 = Release|x64
		{13146ED4-8EA0-4715-9216-01A822591971}.Release|x64.Deploy.0 = Release|x64
		{13146ED4-8EA0-4715-9216-01A822591971}.Release|x86.ActiveCfg = Release|Win32
		{13146ED4-8EA0-4715-9216-01A822591971}.Release|x86.Build.0 = Release|Win32
		{13146ED4-8EA0-4715-9216-01A822591971}.Release|x86.Deploy.0 = Release|Win32
		{9D7F0254-6FDB-4968-8699-DA05854C226C}.Debug|ARM.ActiveCfg = Debug|ARM
		{9D7F0254-6FDB-4968-8699-DA05854C226C}.Debug|ARM.Build.0 = Debug|ARM
		{9D7F0254-6FDB-4968-8699-DA05854C226C}.Debug|x64.ActiveCfg = Debug|x64
		{9D7F0254-6FDB-4968-8699-DA05854C226C}.Debug|x64.Build.0 = Debug|x64
		{9D7F0254-6FDB-4968-8699-DA05854C226C}.Debug|x86.ActiveCfg = Debug|Win32
		{9D7F0254-6FDB-4968-8699-DA05854C226C}.Debug|x86.Build.0 = Debug|Win32
		{9D7F0254-6FDB-4968-8699-DA05854C226C}.Release|ARM.ActiveCfg = Release|ARM
		{9D7F0254-6FDB-4968-8699-DA05854C226C}.Release|ARM.Build.0 = Release|ARM
		{9D7F0254-6FDB-4968-8699-DA05854C226C}.Release|x64.ActiveCfg = Release|x64
		{9D7F0254-6FDB-4968-8699-DA05854C226C}.Release|x64.Build.0 = Release|x64
		{9D7F0254-6FDB-4968-8699-DA05854C226C}.Release|x86.ActiveCfg = Release|Win32
		{9D7F0254-6FDB-4968-8699-DA05854C226C}.Release|x86.Build.0 = Release|Win32
		{5F9C3A4B-73A7-4514-A7DB-E52A29A81A5D}.Debug|ARM.ActiveCfg = Debug|Win32
		{5F9C3A4B-73A7-4514-A7DB-E52A29A81A5D}.Debug|x64.ActiveCfg = Debug|x64
		{5F9C3A4B-73A7-4514-A7DB-E52A29A81A5D}.Debug|x64.Build.0 = Debug|x64
		{5F9C3A4B-73A7-4514-A7DB-E52A29A81A5D}.Debug|x86.ActiveCfg = Debug|Win32
		{5F9C3A4B-73A7-4514-A7DB-E52A29A81A5D}.Debug|x86.Build.0 = Debug|Win32
		{5F9C3A4B-73A7-4514-A7DB-E52A29A81A5D}.Release|ARM.ActiveCfg = Release|Win32
		{5F9C3A4B-73A7-4514-A7DB-E52A29A81A5D}.Release|x64.ActiveCfg = Release|x64
		{5F9C3A4B-73A7-4514-A7DB-E52A29A81A5D}.Release|x64.Build.0 = Release|x64
		{5F9C3A4B-73A7-4514-A7DB-E52A29A81A5D}.Release|x86.ActiveCfg = Release|Win32
		{5F9C3A4B-73A7-4514-A7DB-E52A29A81A5D}.Release|x86.Build.0 = Release|Win32
		{5460793E-A003-41BA-A047-D03C42AF0C44}.Debug|ARM.ActiveCfg = Debug|Win32
		{5460793E-A003-41BA-A047-D03C42AF0C44}.Debug|x64.ActiveCfg = Debug|x64
		{5460793E-A003-41BA-A047-D03C42AF0C44}.Debug|x64.Build.0 = Debug|x64
		{5460793E-A003-41BA-A047-D03C42AF0C44}.Debug|x86.ActiveCfg = Debug|Win32
		{5460793E-A003-41BA-A047-D03C42AF0C44}.Debug|x86.Build.0 = Debug|Win32
		{5460793E-A003-41BA-A047-D03C42AF0C44}.Release|ARM.ActiveCfg = Release|Win32
		{5460793E-A003-41BA-A047-D03C42AF0C44}.Release|x64.ActiveCfg = Release|x64
		{5460793E-A003-41BA-A047-D03C42AF0C44}.Release|x64.Build.0 = Release|x64
		{5460793E-A003-41BA-A047-D03C42AF0C44}.Release|x86.ActiveCfg = Release|Win32
		{5460793E-A003-41BA-A047-D03C42AF0C44}.Release|x86.Build.0 = Release|Win32
		{873AC675-6B13-4CE9-B54F-F158121F862A}.Debug|ARM.ActiveCfg = Debug|ARM
		{873AC675-6B13-4CE9-B54F-F158121F862A}.Debug|ARM.Build.0 = Debug|ARM
		{873AC675-6B13-4CE9-B54F-F158121F862A}.Debug|ARM.Deploy.0 = Debug|ARM
		{873AC675-6B13-4CE9-B54F-F158121F862A}.Debug|x64.ActiveCfg = Debug|x64
		{873AC675-6B13-4CE9-B54F-F158121F862A}.Debug|x64.Build.0 = Debug|x64
		{873AC675-6B13-4CE9-B54F-F158121F862A}.Debug|x64.Deploy.0 = Debug|x64
		{873AC675-6B13-4CE9-B54F-F158121F862A}.Debug|x86.ActiveCfg = Debug|Win32
		{873AC675-6B13-4CE9-B54F-F158121F862A}.Debug|x86.Build.0 = Debug|Win32
		{873AC675-6B13-4CE9-B54F-F158121F862A}.Debug|x86.Deploy.0 = Debug|Win32
		{873AC675-6B13-4CE9-B54F-F158121F862A}.Release|ARM.ActiveCfg = Release|ARM
		{873AC675-6B13-4CE9-B54F-F158121F862A}.Release|ARM.Build.0 = Release|ARM
		{873AC675-6B13-4CE9-B54F-F158121F862A}.Release|ARM.Deploy.0 = Release|ARM
		{873AC675-6B13-4CE9-B54F-F158121F862A}.Release|x64.ActiveCfg = Release|x64
		{873AC675-6B13-4CE9-B54F-F158121F862A}.Release|x64.Build.0 = Release|x64
		{873AC675-6B13-4CE9-B54F-F158121F862A}.Release|x64.Deploy.0 = Release|x64
		{873AC675-6B13-4CE9-B54F-F158121F862A}.Release|x86.ActiveCfg = Release|Win32
		{873AC675-6B13-4CE9-B54F-F158121F862A}.Release|x86.Build.0 = Release|Win32
		{873AC675-6B13-4CE9-B54F-F158121F862A}.Release|x86.Deploy.0 = Release|Win32
		{6E9C12B4-D0C2-4798-8F39-5D3B795ADFEA}.Debug|ARM.ActiveCfg = Debug|Win32
		{6E9C12B4-D0C2-4798-8F39-5D3B795ADFEA}.Debug|x64.ActiveCfg = Debug|x64
		{6E9C12B4-D0C2-4798-8F39-5D3B795ADFEA}.Debug|x64.Build.0 = Debug|x64
		{6E9C12B4-D0C2-4798-8F39-5D3B795ADFEA}.Debug|x86.ActiveCfg = Debug|Win32
		{6E9C12B4-D0C2-4798-8F39-5D3B795ADFEA}.Debug|x86.Build.0 = Debug|Win32
		{6E9C12B4-D0C2-4798-8F39-5D3B795ADFEA}.Release|ARM.ActiveCfg = Release|Win32
		{6E9C12B4-D0C2-4798-8F39-5D3B795ADFEA}.Release|x64.ActiveCfg = Release|x64
		{6E9C12B4-D0C2-4798-8F39-5D3B795ADFEA}.Release|x64.Build.0 = Release|x64
		{6E9C12B4-D0C2-4798-8F39-5D3B795ADFEA}.Release|x86.ActiveCfg = Release|Win32
		{6E9C12B4-D0C2-4798-8F39-5D3B795ADFEA}.Release|x86.Build.0 = Release|Win32
		{C60595DC-670D-45D8-9664-EE5DE40817F2}.Debug|ARM.ActiveCfg = Debug|Win32
		{C60595DC-670D-45D8-9664-EE5DE40817F2}.Debug|x64.ActiveCfg = Debug|x64
		{C60595DC-670D-45D8-9664-EE5DE40817F2}.Debug|x64.Build.0 = Debug|x64
		{C60595DC-670D-45D8-9664-EE5DE40817F2}.Debug|x86.ActiveCfg = Debug|Win32
		{C60595DC-670D-45D8-9664-EE5DE40817F2}.Debug|x86.Build.0 = Debug|Win32
		{C60595DC-670D-45D8-9664-EE5DE40817F2}.Release|ARM.ActiveCfg = Release|Win32
		{C60595DC-670D-45D8-9664-EE5DE40817F2}.Release|x64.ActiveCfg = Release|x64
		{C60595DC-670D-45D8-9664-EE5DE40817F2}.Release|x64.Build.0 = Release|x64
		{C60595DC-670D-45D8-9664-EE5DE40817F2}.Release|x86.ActiveCfg = Release|Win32
		{C60595DC-670D-45D8-9664-EE5DE40817F2}.Release|x86.Build.0 = Release|Win32
	EndGlobalSection
	GlobalSection(SolutionProperties) = preSolution
		HideSolutionNode = FALSE
	EndGlobalSection
EndGlobal
