
Microsoft Visual Studio Solution File, Format Version 12.00
# Visual Studio 14
VisualStudioVersion = 14.0.25123.0
MinimumVisualStudioVersion = 10.0.40219.1
Project("{8BC9CEB8-8B4A-11D0-8D11-00A0C91BC942}") = "NethackUWP", "NethackUWP\NethackUWP.vcxproj", "{13146ED4-8EA0-4715-9216-01A822591971}"
EndProject
Project("{8BC9CEB8-8B4A-11D0-8D11-00A0C91BC942}") = "nethack_original", "nethack_original\nethack_original.vcxproj", "{9D7F0254-6FDB-4968-8699-DA05854C226C}"
EndProject
Project("{8BC9CEB8-8B4A-11D0-8D11-00A0C91BC942}") = "makedefs", "makedefs\makedefs.vcxproj", "{5F9C3A4B-73A7-4514-A7DB-E52A29A81A5D}"
EndProject
Project("{8BC9CEB8-8B4A-11D0-8D11-00A0C91BC942}") = "tilemap", "tilemap\tilemap.vcxproj", "{5460793E-A003-41BA-A047-D03C42AF0C44}"
EndProject
Project("{2150E333-8FDC-42A3-9474-1A3956D46DE8}") = "Solution Items", "Solution Items", "{59DE9FAE-35A4-4BD5-9CE0-335566E4BED8}"
	ProjectSection(SolutionItems) = preProject
		nethack_original\git_dump_3.6\win\win32\dgnstuff.mak = nethack_original\git_dump_3.6\win\win32\dgnstuff.mak
		nethack_original\git_dump_3.6\win\win32\levstuff.mak = nethack_original\git_dump_3.6\win\win32\levstuff.mak
		nethack_original\git_dump_3.6\win\win32\mhaskyn.c = nethack_original\git_dump_3.6\win\win32\mhaskyn.c
		nethack_original\git_dump_3.6\win\win32\mhaskyn.h = nethack_original\git_dump_3.6\win\win32\mhaskyn.h
		nethack_original\git_dump_3.6\win\win32\mhdlg.c = nethack_original\git_dump_3.6\win\win32\mhdlg.c
		nethack_original\git_dump_3.6\win\win32\mhdlg.h = nethack_original\git_dump_3.6\win\win32\mhdlg.h
		nethack_original\git_dump_3.6\win\win32\mhfont.c = nethack_original\git_dump_3.6\win\win32\mhfont.c
		nethack_original\git_dump_3.6\win\win32\mhfont.h = nethack_original\git_dump_3.6\win\win32\mhfont.h
		nethack_original\git_dump_3.6\win\win32\mhinput.c = nethack_original\git_dump_3.6\win\win32\mhinput.c
		nethack_original\git_dump_3.6\win\win32\mhinput.h = nethack_original\git_dump_3.6\win\win32\mhinput.h
		nethack_original\git_dump_3.6\win\win32\mhmain.c = nethack_original\git_dump_3.6\win\win32\mhmain.c
		nethack_original\git_dump_3.6\win\win32\mhmain.h = nethack_original\git_dump_3.6\win\win32\mhmain.h
		nethack_original\git_dump_3.6\win\win32\mhmap.c = nethack_original\git_dump_3.6\win\win32\mhmap.c
		nethack_original\git_dump_3.6\win\win32\mhmap.h = nethack_original\git_dump_3.6\win\win32\mhmap.h
		nethack_original\git_dump_3.6\win\win32\mhmenu.c = nethack_original\git_dump_3.6\win\win32\mhmenu.c
		nethack_original\git_dump_3.6\win\win32\mhmenu.h = nethack_original\git_dump_3.6\win\win32\mhmenu.h
		nethack_original\git_dump_3.6\win\win32\mhmsg.h = nethack_original\git_dump_3.6\win\win32\mhmsg.h
		nethack_original\git_dump_3.6\win\win32\mhmsgwnd.c = nethack_original\git_dump_3.6\win\win32\mhmsgwnd.c
		nethack_original\git_dump_3.6\win\win32\mhmsgwnd.h = nethack_original\git_dump_3.6\win\win32\mhmsgwnd.h
		nethack_original\git_dump_3.6\win\win32\mhrip.c = nethack_original\git_dump_3.6\win\win32\mhrip.c
		nethack_original\git_dump_3.6\win\win32\mhrip.h = nethack_original\git_dump_3.6\win\win32\mhrip.h
		nethack_original\git_dump_3.6\win\win32\mhsplash.c = nethack_original\git_dump_3.6\win\win32\mhsplash.c
		nethack_original\git_dump_3.6\win\win32\mhsplash.h = nethack_original\git_dump_3.6\win\win32\mhsplash.h
		nethack_original\git_dump_3.6\win\win32\mhstatus.c = nethack_original\git_dump_3.6\win\win32\mhstatus.c
		nethack_original\git_dump_3.6\win\win32\mhstatus.h = nethack_original\git_dump_3.6\win\win32\mhstatus.h
		nethack_original\git_dump_3.6\win\win32\mhtext.c = nethack_original\git_dump_3.6\win\win32\mhtext.c
		nethack_original\git_dump_3.6\win\win32\mhtext.h = nethack_original\git_dump_3.6\win\win32\mhtext.h
		nethack_original\git_dump_3.6\win\win32\mnsel.uu = nethack_original\git_dump_3.6\win\win32\mnsel.uu
		nethack_original\git_dump_3.6\win\win32\mnselcnt.uu = nethack_original\git_dump_3.6\win\win32\mnselcnt.uu
		nethack_original\git_dump_3.6\win\win32\mnunsel.uu = nethack_original\git_dump_3.6\win\win32\mnunsel.uu
		nethack_original\git_dump_3.6\win\win32\mswproc.c = nethack_original\git_dump_3.6\win\win32\mswproc.c
		nethack_original\git_dump_3.6\win\win32\petmark.uu = nethack_original\git_dump_3.6\win\win32\petmark.uu
		nethack_original\git_dump_3.6\win\win32\pilemark.uu = nethack_original\git_dump_3.6\win\win32\pilemark.uu
		nethack_original\git_dump_3.6\win\win32\record.uu = nethack_original\git_dump_3.6\win\win32\record.uu
		nethack_original\git_dump_3.6\win\win32\resource.h = nethack_original\git_dump_3.6\win\win32\resource.h
		nethack_original\git_dump_3.6\win\win32\rip.uu = nethack_original\git_dump_3.6\win\win32\rip.uu
		nethack_original\git_dump_3.6\win\win32\splash.uu = nethack_original\git_dump_3.6\win\win32\splash.uu
		nethack_original\git_dump_3.6\win\win32\tiles.mak = nethack_original\git_dump_3.6\win\win32\tiles.mak
		nethack_original\git_dump_3.6\win\win32\winhack.c = nethack_original\git_dump_3.6\win\win32\winhack.c
		nethack_original\git_dump_3.6\win\win32\winhack.rc = nethack_original\git_dump_3.6\win\win32\winhack.rc
		nethack_original\git_dump_3.6\win\win32\winMS.h = nethack_original\git_dump_3.6\win\win32\winMS.h
	EndProjectSection
EndProject
Global
	GlobalSection(SolutionConfigurationPlatforms) = preSolution
		Debug|ARM = Debug|ARM
		Debug|x64 = Debug|x64
		Debug|x86 = Debug|x86
		Release|ARM = Release|ARM
		Release|x64 = Release|x64
		Release|x86 = Release|x86
	EndGlobalSection
	GlobalSection(ProjectConfigurationPlatforms) = postSolution
		{13146ED4-8EA0-4715-9216-01A822591971}.Debug|ARM.ActiveCfg = Debug|ARM
		{13146ED4-8EA0-4715-9216-01A822591971}.Debug|ARM.Build.0 = Debug|ARM
		{13146ED4-8EA0-4715-9216-01A822591971}.Debug|ARM.Deploy.0 = Debug|ARM
		{13146ED4-8EA0-4715-9216-01A822591971}.Debug|x64.ActiveCfg = Debug|x64
		{13146ED4-8EA0-4715-9216-01A822591971}.Debug|x64.Build.0 = Debug|x64
		{13146ED4-8EA0-4715-9216-01A822591971}.Debug|x64.Deploy.0 = Debug|x64
		{13146ED4-8EA0-4715-9216-01A822591971}.Debug|x86.ActiveCfg = Debug|Win32
		{13146ED4-8EA0-4715-9216-01A822591971}.Debug|x86.Build.0 = Debug|Win32
		{13146ED4-8EA0-4715-9216-01A822591971}.Debug|x86.Deploy.0 = Debug|Win32
		{13146ED4-8EA0-4715-9216-01A822591971}.Release|ARM.ActiveCfg = Release|ARM
		{13146ED4-8EA0-4715-9216-01A822591971}.Release|ARM.Build.0 = Release|ARM
		{13146ED4-8EA0-4715-9216-01A822591971}.Release|ARM.Deploy.0 = Release|ARM
		{13146ED4-8EA0-4715-9216-01A822591971}.Release|x64.ActiveCfg = Release|x64
		{13146ED4-8EA0-4715-9216-01A822591971}.Release|x64.Build.0 = Release|x64
		{13146ED4-8EA0-4715-9216-01A822591971}.Release|x64.Deploy.0 = Release|x64
		{13146ED4-8EA0-4715-9216-01A822591971}.Release|x86.ActiveCfg = Release|Win32
		{13146ED4-8EA0-4715-9216-01A822591971}.Release|x86.Build.0 = Release|Win32
		{13146ED4-8EA0-4715-9216-01A822591971}.Release|x86.Deploy.0 = Release|Win32
		{9D7F0254-6FDB-4968-8699-DA05854C226C}.Debug|ARM.ActiveCfg = Debug|ARM
		{9D7F0254-6FDB-4968-8699-DA05854C226C}.Debug|ARM.Build.0 = Debug|ARM
		{9D7F0254-6FDB-4968-8699-DA05854C226C}.Debug|x64.ActiveCfg = Debug|x64
		{9D7F0254-6FDB-4968-8699-DA05854C226C}.Debug|x64.Build.0 = Debug|x64
		{9D7F0254-6FDB-4968-8699-DA05854C226C}.Debug|x86.ActiveCfg = Debug|Win32
		{9D7F0254-6FDB-4968-8699-DA05854C226C}.Debug|x86.Build.0 = Debug|Win32
		{9D7F0254-6FDB-4968-8699-DA05854C226C}.Release|ARM.ActiveCfg = Release|ARM
		{9D7F0254-6FDB-4968-8699-DA05854C226C}.Release|ARM.Build.0 = Release|ARM
		{9D7F0254-6FDB-4968-8699-DA05854C226C}.Release|x64.ActiveCfg = Release|x64
		{9D7F0254-6FDB-4968-8699-DA05854C226C}.Release|x64.Build.0 = Release|x64
		{9D7F0254-6FDB-4968-8699-DA05854C226C}.Release|x86.ActiveCfg = Release|Win32
		{9D7F0254-6FDB-4968-8699-DA05854C226C}.Release|x86.Build.0 = Release|Win32
		{5F9C3A4B-73A7-4514-A7DB-E52A29A81A5D}.Debug|ARM.ActiveCfg = Debug|Win32
		{5F9C3A4B-73A7-4514-A7DB-E52A29A81A5D}.Debug|x64.ActiveCfg = Debug|x64
		{5F9C3A4B-73A7-4514-A7DB-E52A29A81A5D}.Debug|x64.Build.0 = Debug|x64
		{5F9C3A4B-73A7-4514-A7DB-E52A29A81A5D}.Debug|x86.ActiveCfg = Debug|Win32
		{5F9C3A4B-73A7-4514-A7DB-E52A29A81A5D}.Debug|x86.Build.0 = Debug|Win32
		{5F9C3A4B-73A7-4514-A7DB-E52A29A81A5D}.Release|ARM.ActiveCfg = Release|Win32
		{5F9C3A4B-73A7-4514-A7DB-E52A29A81A5D}.Release|x64.ActiveCfg = Release|x64
		{5F9C3A4B-73A7-4514-A7DB-E52A29A81A5D}.Release|x64.Build.0 = Release|x64
		{5F9C3A4B-73A7-4514-A7DB-E52A29A81A5D}.Release|x86.ActiveCfg = Release|Win32
		{5F9C3A4B-73A7-4514-A7DB-E52A29A81A5D}.Release|x86.Build.0 = Release|Win32
		{5460793E-A003-41BA-A047-D03C42AF0C44}.Debug|ARM.ActiveCfg = Debug|Win32
		{5460793E-A003-41BA-A047-D03C42AF0C44}.Debug|x64.ActiveCfg = Debug|x64
		{5460793E-A003-41BA-A047-D03C42AF0C44}.Debug|x64.Build.0 = Debug|x64
		{5460793E-A003-41BA-A047-D03C42AF0C44}.Debug|x86.ActiveCfg = Debug|Win32
		{5460793E-A003-41BA-A047-D03C42AF0C44}.Debug|x86.Build.0 = Debug|Win32
		{5460793E-A003-41BA-A047-D03C42AF0C44}.Release|ARM.ActiveCfg = Release|Win32
		{5460793E-A003-41BA-A047-D03C42AF0C44}.Release|x64.ActiveCfg = Release|x64
		{5460793E-A003-41BA-A047-D03C42AF0C44}.Release|x64.Build.0 = Release|x64
		{5460793E-A003-41BA-A047-D03C42AF0C44}.Release|x86.ActiveCfg = Release|Win32
		{5460793E-A003-41BA-A047-D03C42AF0C44}.Release|x86.Build.0 = Release|Win32
	EndGlobalSection
	GlobalSection(SolutionProperties) = preSolution
		HideSolutionNode = FALSE
	EndGlobalSection
EndGlobal
